// !$*UTF8*$!
{
	archiveVersion = 1;
	classes = {
	};
	objectVersion = 50;
	objects = {

/* Begin PBXBuildFile section */
		20BDCA80211A2C96007E7933 /* main.cpp in Sources */ = {isa = PBXBuildFile; fileRef = 20BDCA7F211A2C96007E7933 /* main.cpp */; };
		20BDCA88211A2DD3007E7933 /* testUtilFunction.cpp in Sources */ = {isa = PBXBuildFile; fileRef = 20BDCA87211A2DD3007E7933 /* testUtilFunction.cpp */; };
		20BDCA8A211A36C0007E7933 /* testAppWithSmallInput.cpp in Sources */ = {isa = PBXBuildFile; fileRef = 20BDCA89211A36C0007E7933 /* testAppWithSmallInput.cpp */; };
		20BDCA8D211A3C91007E7933 /* libboost_filesystem.dylib in Frameworks */ = {isa = PBXBuildFile; fileRef = 20BDCA8C211A3C91007E7933 /* libboost_filesystem.dylib */; };
		20BDCA8F211A3CBE007E7933 /* libboost_system.dylib in Frameworks */ = {isa = PBXBuildFile; fileRef = 20BDCA8E211A3CBE007E7933 /* libboost_system.dylib */; };
		20BDCA97211A4577007E7933 /* trade_data.cpp in Sources */ = {isa = PBXBuildFile; fileRef = 20BDCA96211A4577007E7933 /* trade_data.cpp */; };
		20BDCA99211A45B3007E7933 /* application_utilities.cpp in Sources */ = {isa = PBXBuildFile; fileRef = 20BDCA98211A45B3007E7933 /* application_utilities.cpp */; };
		20BDCA9B211A45FC007E7933 /* trade_file_handler.cpp in Sources */ = {isa = PBXBuildFile; fileRef = 20BDCA9A211A45FC007E7933 /* trade_file_handler.cpp */; };
		20BDCA9D211AB1A1007E7933 /* testAppWithprocessLargeFileInChunks.cpp in Sources */ = {isa = PBXBuildFile; fileRef = 20BDCA9C211AB1A1007E7933 /* testAppWithprocessLargeFileInChunks.cpp */; };
		20BDCA9F211AC0FF007E7933 /* testAppWithInvalidFilePath.cpp in Sources */ = {isa = PBXBuildFile; fileRef = 20BDCA9E211AC0FF007E7933 /* testAppWithInvalidFilePath.cpp */; };
/* End PBXBuildFile section */

/* Begin PBXCopyFilesBuildPhase section */
		20BDCA7A211A2C96007E7933 /* CopyFiles */ = {
			isa = PBXCopyFilesBuildPhase;
			buildActionMask = 2147483647;
			dstPath = /usr/share/man/man1/;
			dstSubfolderSpec = 0;
			files = (
			);
			runOnlyForDeploymentPostprocessing = 1;
		};
/* End PBXCopyFilesBuildPhase section */

/* Begin PBXFileReference section */
		20BDCA7C211A2C96007E7933 /* TestTradeProcessingApplication */ = {isa = PBXFileReference; explicitFileType = "compiled.mach-o.executable"; includeInIndex = 0; path = TestTradeProcessingApplication; sourceTree = BUILT_PRODUCTS_DIR; };
		20BDCA7F211A2C96007E7933 /* main.cpp */ = {isa = PBXFileReference; lastKnownFileType = sourcecode.cpp.cpp; path = main.cpp; sourceTree = "<group>"; };
		20BDCA86211A2CFC007E7933 /* catch.h */ = {isa = PBXFileReference; lastKnownFileType = sourcecode.c.h; path = catch.h; sourceTree = "<group>"; };
		20BDCA87211A2DD3007E7933 /* testUtilFunction.cpp */ = {isa = PBXFileReference; lastKnownFileType = sourcecode.cpp.cpp; path = testUtilFunction.cpp; sourceTree = "<group>"; };
		20BDCA89211A36C0007E7933 /* testAppWithSmallInput.cpp */ = {isa = PBXFileReference; lastKnownFileType = sourcecode.cpp.cpp; path = testAppWithSmallInput.cpp; sourceTree = "<group>"; };
		20BDCA8C211A3C91007E7933 /* libboost_filesystem.dylib */ = {isa = PBXFileReference; lastKnownFileType = "compiled.mach-o.dylib"; name = libboost_filesystem.dylib; path = ../../../../../../usr/local/Cellar/boost/1.67.0_1/lib/libboost_filesystem.dylib; sourceTree = "<group>"; };
		20BDCA8E211A3CBE007E7933 /* libboost_system.dylib */ = {isa = PBXFileReference; lastKnownFileType = "compiled.mach-o.dylib"; name = libboost_system.dylib; path = ../../../../../../usr/local/Cellar/boost/1.67.0_1/lib/libboost_system.dylib; sourceTree = "<group>"; };
		20BDCA96211A4577007E7933 /* trade_data.cpp */ = {isa = PBXFileReference; lastKnownFileType = sourcecode.cpp.cpp; path = trade_data.cpp; sourceTree = "<group>"; };
		20BDCA98211A45B3007E7933 /* application_utilities.cpp */ = {isa = PBXFileReference; lastKnownFileType = sourcecode.cpp.cpp; path = application_utilities.cpp; sourceTree = "<group>"; };
		20BDCA9A211A45FC007E7933 /* trade_file_handler.cpp */ = {isa = PBXFileReference; lastKnownFileType = sourcecode.cpp.cpp; path = trade_file_handler.cpp; sourceTree = "<group>"; };
		20BDCA9C211AB1A1007E7933 /* testAppWithprocessLargeFileInChunks.cpp */ = {isa = PBXFileReference; lastKnownFileType = sourcecode.cpp.cpp; path = testAppWithprocessLargeFileInChunks.cpp; sourceTree = "<group>"; };
		20BDCA9E211AC0FF007E7933 /* testAppWithInvalidFilePath.cpp */ = {isa = PBXFileReference; lastKnownFileType = sourcecode.cpp.cpp; path = testAppWithInvalidFilePath.cpp; sourceTree = "<group>"; };
/* End PBXFileReference section */

/* Begin PBXFrameworksBuildPhase section */
		20BDCA79211A2C96007E7933 /* Frameworks */ = {
			isa = PBXFrameworksBuildPhase;
			buildActionMask = 2147483647;
			files = (
				20BDCA8F211A3CBE007E7933 /* libboost_system.dylib in Frameworks */,
				20BDCA8D211A3C91007E7933 /* libboost_filesystem.dylib in Frameworks */,
			);
			runOnlyForDeploymentPostprocessing = 0;
		};
/* End PBXFrameworksBuildPhase section */

/* Begin PBXGroup section */
		20BDCA73211A2C96007E7933 = {
			isa = PBXGroup;
			children = (
				20BDCA7E211A2C96007E7933 /* TestTradeProcessingApplication */,
				20BDCA7D211A2C96007E7933 /* Products */,
				20BDCA8B211A3C91007E7933 /* Frameworks */,
			);
			sourceTree = "<group>";
		};
		20BDCA7D211A2C96007E7933 /* Products */ = {
			isa = PBXGroup;
			children = (
				20BDCA7C211A2C96007E7933 /* TestTradeProcessingApplication */,
			);
			name = Products;
			sourceTree = "<group>";
		};
		20BDCA7E211A2C96007E7933 /* TestTradeProcessingApplication */ = {
			isa = PBXGroup;
			children = (
				20BDCA7F211A2C96007E7933 /* main.cpp */,
				20BDCA86211A2CFC007E7933 /* catch.h */,
				20BDCA87211A2DD3007E7933 /* testUtilFunction.cpp */,
				20BDCA89211A36C0007E7933 /* testAppWithSmallInput.cpp */,
				20BDCA9E211AC0FF007E7933 /* testAppWithInvalidFilePath.cpp */,
				20BDCA9C211AB1A1007E7933 /* testAppWithprocessLargeFileInChunks.cpp */,
				20BDCA96211A4577007E7933 /* trade_data.cpp */,
				20BDCA98211A45B3007E7933 /* application_utilities.cpp */,
				20BDCA9A211A45FC007E7933 /* trade_file_handler.cpp */,
			);
			path = TestTradeProcessingApplication;
			sourceTree = "<group>";
		};
		20BDCA8B211A3C91007E7933 /* Frameworks */ = {
			isa = PBXGroup;
			children = (
				20BDCA8E211A3CBE007E7933 /* libboost_system.dylib */,
				20BDCA8C211A3C91007E7933 /* libboost_filesystem.dylib */,
			);
			name = Frameworks;
			sourceTree = "<group>";
		};
/* End PBXGroup section */

/* Begin PBXNativeTarget section */
		20BDCA7B211A2C96007E7933 /* TestTradeProcessingApplication */ = {
			isa = PBXNativeTarget;
			buildConfigurationList = 20BDCA83211A2C96007E7933 /* Build configuration list for PBXNativeTarget "TestTradeProcessingApplication" */;
			buildPhases = (
				20BDCA78211A2C96007E7933 /* Sources */,
				20BDCA79211A2C96007E7933 /* Frameworks */,
				20BDCA7A211A2C96007E7933 /* CopyFiles */,
			);
			buildRules = (
			);
			dependencies = (
			);
			name = TestTradeProcessingApplication;
			productName = TestTradeProcessingApplication;
			productReference = 20BDCA7C211A2C96007E7933 /* TestTradeProcessingApplication */;
			productType = "com.apple.product-type.tool";
		};
/* End PBXNativeTarget section */

/* Begin PBXProject section */
		20BDCA74211A2C96007E7933 /* Project object */ = {
			isa = PBXProject;
			attributes = {
				LastUpgradeCheck = 0940;
				ORGANIZATIONNAME = "Vagesh Vaibhav";
				TargetAttributes = {
					20BDCA7B211A2C96007E7933 = {
						CreatedOnToolsVersion = 9.4.1;
					};
				};
			};
			buildConfigurationList = 20BDCA77211A2C96007E7933 /* Build configuration list for PBXProject "TestTradeProcessingApplication" */;
			compatibilityVersion = "Xcode 9.3";
			developmentRegion = en;
			hasScannedForEncodings = 0;
			knownRegions = (
				en,
			);
			mainGroup = 20BDCA73211A2C96007E7933;
			productRefGroup = 20BDCA7D211A2C96007E7933 /* Products */;
			projectDirPath = "";
			projectRoot = "";
			targets = (
				20BDCA7B211A2C96007E7933 /* TestTradeProcessingApplication */,
			);
		};
/* End PBXProject section */

/* Begin PBXSourcesBuildPhase section */
		20BDCA78211A2C96007E7933 /* Sources */ = {
			isa = PBXSourcesBuildPhase;
			buildActionMask = 2147483647;
			files = (
				20BDCA9F211AC0FF007E7933 /* testAppWithInvalidFilePath.cpp in Sources */,
				20BDCA97211A4577007E7933 /* trade_data.cpp in Sources */,
				20BDCA80211A2C96007E7933 /* main.cpp in Sources */,
				20BDCA88211A2DD3007E7933 /* testUtilFunction.cpp in Sources */,
				20BDCA8A211A36C0007E7933 /* testAppWithSmallInput.cpp in Sources */,
				20BDCA99211A45B3007E7933 /* application_utilities.cpp in Sources */,
				20BDCA9B211A45FC007E7933 /* trade_file_handler.cpp in Sources */,
				20BDCA9D211AB1A1007E7933 /* testAppWithprocessLargeFileInChunks.cpp in Sources */,
			);
			runOnlyForDeploymentPostprocessing = 0;
		};
/* End PBXSourcesBuildPhase section */

/* Begin XCBuildConfiguration section */
		20BDCA81211A2C96007E7933 /* Debug */ = {
			isa = XCBuildConfiguration;
			buildSettings = {
				ALWAYS_SEARCH_USER_PATHS = NO;
				CLANG_ANALYZER_NONNULL = YES;
				CLANG_ANALYZER_NUMBER_OBJECT_CONVERSION = YES_AGGRESSIVE;
				CLANG_CXX_LANGUAGE_STANDARD = "gnu++14";
				CLANG_CXX_LIBRARY = "libc++";
				CLANG_ENABLE_MODULES = YES;
				CLANG_ENABLE_OBJC_ARC = YES;
				CLANG_ENABLE_OBJC_WEAK = YES;
				CLANG_WARN_BLOCK_CAPTURE_AUTORELEASING = YES;
				CLANG_WARN_BOOL_CONVERSION = YES;
				CLANG_WARN_COMMA = YES;
				CLANG_WARN_CONSTANT_CONVERSION = YES;
				CLANG_WARN_DEPRECATED_OBJC_IMPLEMENTATIONS = YES;
				CLANG_WARN_DIRECT_OBJC_ISA_USAGE = YES_ERROR;
				CLANG_WARN_DOCUMENTATION_COMMENTS = YES;
				CLANG_WARN_EMPTY_BODY = YES;
				CLANG_WARN_ENUM_CONVERSION = YES;
				CLANG_WARN_INFINITE_RECURSION = YES;
				CLANG_WARN_INT_CONVERSION = YES;
				CLANG_WARN_NON_LITERAL_NULL_CONVERSION = YES;
				CLANG_WARN_OBJC_IMPLICIT_RETAIN_SELF = YES;
				CLANG_WARN_OBJC_LITERAL_CONVERSION = YES;
				CLANG_WARN_OBJC_ROOT_CLASS = YES_ERROR;
				CLANG_WARN_RANGE_LOOP_ANALYSIS = YES;
				CLANG_WARN_STRICT_PROTOTYPES = YES;
				CLANG_WARN_SUSPICIOUS_MOVE = YES;
				CLANG_WARN_UNGUARDED_AVAILABILITY = YES_AGGRESSIVE;
				CLANG_WARN_UNREACHABLE_CODE = YES;
				CLANG_WARN__DUPLICATE_METHOD_MATCH = YES;
				CODE_SIGN_IDENTITY = "-";
				COPY_PHASE_STRIP = NO;
				DEBUG_INFORMATION_FORMAT = dwarf;
				ENABLE_STRICT_OBJC_MSGSEND = YES;
				ENABLE_TESTABILITY = YES;
				GCC_C_LANGUAGE_STANDARD = gnu11;
				GCC_DYNAMIC_NO_PIC = NO;
				GCC_NO_COMMON_BLOCKS = YES;
				GCC_OPTIMIZATION_LEVEL = 0;
				GCC_PREPROCESSOR_DEFINITIONS = (
					"DEBUG=1",
					"$(inherited)",
				);
				GCC_WARN_64_TO_32_BIT_CONVERSION = YES;
				GCC_WARN_ABOUT_RETURN_TYPE = YES_ERROR;
				GCC_WARN_UNDECLARED_SELECTOR = YES;
				GCC_WARN_UNINITIALIZED_AUTOS = YES_AGGRESSIVE;
				GCC_WARN_UNUSED_FUNCTION = YES;
				GCC_WARN_UNUSED_VARIABLE = YES;
				MACOSX_DEPLOYMENT_TARGET = 10.13;
				MTL_ENABLE_DEBUG_INFO = YES;
				ONLY_ACTIVE_ARCH = YES;
				SDKROOT = macosx;
			};
			name = Debug;
		};
		20BDCA82211A2C96007E7933 /* Release */ = {
			isa = XCBuildConfiguration;
			buildSettings = {
				ALWAYS_SEARCH_USER_PATHS = NO;
				CLANG_ANALYZER_NONNULL = YES;
				CLANG_ANALYZER_NUMBER_OBJECT_CONVERSION = YES_AGGRESSIVE;
				CLANG_CXX_LANGUAGE_STANDARD = "gnu++14";
				CLANG_CXX_LIBRARY = "libc++";
				CLANG_ENABLE_MODULES = YES;
				CLANG_ENABLE_OBJC_ARC = YES;
				CLANG_ENABLE_OBJC_WEAK = YES;
				CLANG_WARN_BLOCK_CAPTURE_AUTORELEASING = YES;
				CLANG_WARN_BOOL_CONVERSION = YES;
				CLANG_WARN_COMMA = YES;
				CLANG_WARN_CONSTANT_CONVERSION = YES;
				CLANG_WARN_DEPRECATED_OBJC_IMPLEMENTATIONS = YES;
				CLANG_WARN_DIRECT_OBJC_ISA_USAGE = YES_ERROR;
				CLANG_WARN_DOCUMENTATION_COMMENTS = YES;
				CLANG_WARN_EMPTY_BODY = YES;
				CLANG_WARN_ENUM_CONVERSION = YES;
				CLANG_WARN_INFINITE_RECURSION = YES;
				CLANG_WARN_INT_CONVERSION = YES;
				CLANG_WARN_NON_LITERAL_NULL_CONVERSION = YES;
				CLANG_WARN_OBJC_IMPLICIT_RETAIN_SELF = YES;
				CLANG_WARN_OBJC_LITERAL_CONVERSION = YES;
				CLANG_WARN_OBJC_ROOT_CLASS = YES_ERROR;
				CLANG_WARN_RANGE_LOOP_ANALYSIS = YES;
				CLANG_WARN_STRICT_PROTOTYPES = YES;
				CLANG_WARN_SUSPICIOUS_MOVE = YES;
				CLANG_WARN_UNGUARDED_AVAILABILITY = YES_AGGRESSIVE;
				CLANG_WARN_UNREACHABLE_CODE = YES;
				CLANG_WARN__DUPLICATE_METHOD_MATCH = YES;
				CODE_SIGN_IDENTITY = "-";
				COPY_PHASE_STRIP = NO;
				DEBUG_INFORMATION_FORMAT = "dwarf-with-dsym";
				ENABLE_NS_ASSERTIONS = NO;
				ENABLE_STRICT_OBJC_MSGSEND = YES;
				GCC_C_LANGUAGE_STANDARD = gnu11;
				GCC_NO_COMMON_BLOCKS = YES;
				GCC_WARN_64_TO_32_BIT_CONVERSION = YES;
				GCC_WARN_ABOUT_RETURN_TYPE = YES_ERROR;
				GCC_WARN_UNDECLARED_SELECTOR = YES;
				GCC_WARN_UNINITIALIZED_AUTOS = YES_AGGRESSIVE;
				GCC_WARN_UNUSED_FUNCTION = YES;
				GCC_WARN_UNUSED_VARIABLE = YES;
				MACOSX_DEPLOYMENT_TARGET = 10.13;
				MTL_ENABLE_DEBUG_INFO = NO;
				SDKROOT = macosx;
			};
			name = Release;
		};
		20BDCA84211A2C96007E7933 /* Debug */ = {
			isa = XCBuildConfiguration;
			buildSettings = {
				CODE_SIGN_STYLE = Automatic;
				HEADER_SEARCH_PATHS = (
					/usr/local/Cellar/boost/1.67.0_1/include,
					/Users/vagesh/Desktop/Personal/documents/,
				);
				INCLUDED_SOURCE_FILE_NAMES = application_utilities.cpp;
				LIBRARY_SEARCH_PATHS = (
					/usr/local/Cellar/boost/1.67.0_1/lib/,
					/usr/local/Cellar/boost/1.67.0_1/lib,
				);
				PRODUCT_NAME = "$(TARGET_NAME)";
			};
			name = Debug;
		};
		20BDCA85211A2C96007E7933 /* Release */ = {
			isa = XCBuildConfiguration;
			buildSettings = {
				CODE_SIGN_STYLE = Automatic;
				HEADER_SEARCH_PATHS = (
					/usr/local/Cellar/boost/1.67.0_1/include,
					/Users/vagesh/Desktop/Personal/documents/,
				);
				INCLUDED_SOURCE_FILE_NAMES = application_utilities.cpp;
				LIBRARY_SEARCH_PATHS = (
					/usr/local/Cellar/boost/1.67.0_1/lib/,
					/usr/local/Cellar/boost/1.67.0_1/lib,
				);
				"LIBRARY_SEARCH_PATHS[arch=*]" = /usr/local/Cellar/boost/1.67.0_1/lib/;
				PRODUCT_NAME = "$(TARGET_NAME)";
			};
			name = Release;
		};
/* End XCBuildConfiguration section */

/* Begin XCConfigurationList section */
		20BDCA77211A2C96007E7933 /* Build configuration list for PBXProject "TestTradeProcessingApplication" */ = {
			isa = XCConfigurationList;
			buildConfigurations = (
				20BDCA81211A2C96007E7933 /* Debug */,
				20BDCA82211A2C96007E7933 /* Release */,
			);
			defaultConfigurationIsVisible = 0;
			defaultConfigurationName = Release;
		};
		20BDCA83211A2C96007E7933 /* Build configuration list for PBXNativeTarget "TestTradeProcessingApplication" */ = {
			isa = XCConfigurationList;
			buildConfigurations = (
				20BDCA84211A2C96007E7933 /* Debug */,
				20BDCA85211A2C96007E7933 /* Release */,
			);
			defaultConfigurationIsVisible = 0;
			defaultConfigurationName = Release;
		};
/* End XCConfigurationList section */
	};
	rootObject = 20BDCA74211A2C96007E7933 /* Project object */;
}
